
Microsoft Visual Studio Solution File, Format Version 12.00
# Visual Studio 15
VisualStudioVersion = 15.0.28307.102
MinimumVisualStudioVersion = 10.0.40219.1
Project("{FAE04EC0-301F-11D3-BF4B-00C04F79EFBC}") = "SortingAndVisualization", "SortingAndVisualization\SortingAndVisualization.csproj", "{F6E6A73F-1606-4C78-B12D-544CDB7AC6DC}"
EndProject
Global
	GlobalSection(SolutionConfigurationPlatforms) = preSolution
		Debug|Any CPU = Debug|Any CPU
		Release|Any CPU = Release|Any CPU
	EndGlobalSection
	GlobalSection(ProjectConfigurationPlatforms) = postSolution
		{F6E6A73F-1606-4C78-B12D-544CDB7AC6DC}.Debug|Any CPU.ActiveCfg = Debug|Any CPU
		{F6E6A73F-1606-4C78-B12D-544CDB7AC6DC}.Debug|Any CPU.Build.0 = Debug|Any CPU
		{F6E6A73F-1606-4C78-B12D-544CDB7AC6DC}.Release|Any CPU.ActiveCfg = Release|Any CPU
		{F6E6A73F-1606-4C78-B12D-544CDB7AC6DC}.Release|Any CPU.Build.0 = Release|Any CPU
	EndGlobalSection
	GlobalSection(SolutionProperties) = preSolution
		HideSolutionNode = FALSE
	EndGlobalSection
	GlobalSection(ExtensibilityGlobals) = postSolution
		SolutionGuid = {0DF10A11-3441-428F-9C84-11FC4A4D93E3}
	EndGlobalSection
EndGlobal
